
Microsoft Visual Studio Solution File, Format Version 12.00
# Visual Studio Version 17
VisualStudioVersion = 17.11.35312.102
MinimumVisualStudioVersion = 10.0.40219.1
Project("{FAE04EC0-301F-11D3-BF4B-00C04F79EFBC}") = "01_MainSubjects", "01_MainSubjects\01_MainSubjects.csproj", "{6E7627A8-0EEC-4F5D-83FF-129BCEB4D21A}"
EndProject
Project("{FAE04EC0-301F-11D3-BF4B-00C04F79EFBC}") = "02_Variables", "02_Variables\02_Variables.csproj", "{26730DCF-7F76-43AD-8AE8-81F1CA8B76CA}"
EndProject
Project("{FAE04EC0-301F-11D3-BF4B-00C04F79EFBC}") = "03_MakingDecision", "03_MakingDecision\03_MakingDecision.csproj", "{38A077DB-F1F5-41CB-B68C-89A8AEF4AAF0}"
EndProject
Project("{FAE04EC0-301F-11D3-BF4B-00C04F79EFBC}") = "04_Loops", "04_Loops\04_Loops.csproj", "{A4486107-2B51-422B-8856-2FEC1B02D32A}"
EndProject
Project("{FAE04EC0-301F-11D3-BF4B-00C04F79EFBC}") = "05_LoopsWithStars", "05_LoopsWithStars\05_LoopsWithStars.csproj", "{D0C50A8B-E576-45E0-AF9C-4E3601E739CE}"
EndProject
Global
	GlobalSection(SolutionConfigurationPlatforms) = preSolution
		Debug|Any CPU = Debug|Any CPU
		Release|Any CPU = Release|Any CPU
	EndGlobalSection
	GlobalSection(ProjectConfigurationPlatforms) = postSolution
		{6E7627A8-0EEC-4F5D-83FF-129BCEB4D21A}.Debug|Any CPU.ActiveCfg = Debug|Any CPU
		{6E7627A8-0EEC-4F5D-83FF-129BCEB4D21A}.Debug|Any CPU.Build.0 = Debug|Any CPU
		{6E7627A8-0EEC-4F5D-83FF-129BCEB4D21A}.Release|Any CPU.ActiveCfg = Release|Any CPU
		{6E7627A8-0EEC-4F5D-83FF-129BCEB4D21A}.Release|Any CPU.Build.0 = Release|Any CPU
		{26730DCF-7F76-43AD-8AE8-81F1CA8B76CA}.Debug|Any CPU.ActiveCfg = Debug|Any CPU
		{26730DCF-7F76-43AD-8AE8-81F1CA8B76CA}.Debug|Any CPU.Build.0 = Debug|Any CPU
		{26730DCF-7F76-43AD-8AE8-81F1CA8B76CA}.Release|Any CPU.ActiveCfg = Release|Any CPU
		{26730DCF-7F76-43AD-8AE8-81F1CA8B76CA}.Release|Any CPU.Build.0 = Release|Any CPU
		{38A077DB-F1F5-41CB-B68C-89A8AEF4AAF0}.Debug|Any CPU.ActiveCfg = Debug|Any CPU
		{38A077DB-F1F5-41CB-B68C-89A8AEF4AAF0}.Debug|Any CPU.Build.0 = Debug|Any CPU
		{38A077DB-F1F5-41CB-B68C-89A8AEF4AAF0}.Release|Any CPU.ActiveCfg = Release|Any CPU
		{38A077DB-F1F5-41CB-B68C-89A8AEF4AAF0}.Release|Any CPU.Build.0 = Release|Any CPU
		{A4486107-2B51-422B-8856-2FEC1B02D32A}.Debug|Any CPU.ActiveCfg = Debug|Any CPU
		{A4486107-2B51-422B-8856-2FEC1B02D32A}.Debug|Any CPU.Build.0 = Debug|Any CPU
		{A4486107-2B51-422B-8856-2FEC1B02D32A}.Release|Any CPU.ActiveCfg = Release|Any CPU
		{A4486107-2B51-422B-8856-2FEC1B02D32A}.Release|Any CPU.Build.0 = Release|Any CPU
		{D0C50A8B-E576-45E0-AF9C-4E3601E739CE}.Debug|Any CPU.ActiveCfg = Debug|Any CPU
		{D0C50A8B-E576-45E0-AF9C-4E3601E739CE}.Debug|Any CPU.Build.0 = Debug|Any CPU
		{D0C50A8B-E576-45E0-AF9C-4E3601E739CE}.Release|Any CPU.ActiveCfg = Release|Any CPU
		{D0C50A8B-E576-45E0-AF9C-4E3601E739CE}.Release|Any CPU.Build.0 = Release|Any CPU
	EndGlobalSection
	GlobalSection(SolutionProperties) = preSolution
		HideSolutionNode = FALSE
	EndGlobalSection
	GlobalSection(ExtensibilityGlobals) = postSolution
		SolutionGuid = {5397CBAF-FA1A-4A48-BD83-0C96C5224628}
	EndGlobalSection
EndGlobal
